// !$*UTF8*$!
{
	archiveVersion = 1;
	classes = {
	};
	objectVersion = 56;
	objects = {

/* Begin PBXBuildFile section */
		A10000000000000000000001 /* SwiftReposApp.swift in Sources */ = {isa = PBXBuildFile; fileRef = B10000000000000000000001 /* SwiftReposApp.swift */; };
		A10000000000000000000002 /* Repository.swift in Sources */ = {isa = PBXBuildFile; fileRef = B10000000000000000000002 /* Repository.swift */; };
		A10000000000000000000003 /* Repositories.swift in Sources */ = {isa = PBXBuildFile; fileRef = B10000000000000000000003 /* Repositories.swift */; };
		A10000000000000000000004 /* Parser.swift in Sources */ = {isa = PBXBuildFile; fileRef = B10000000000000000000004 /* Parser.swift */; };
		A10000000000000000000005 /* RepositoryViewModel.swift in Sources */ = {isa = PBXBuildFile; fileRef = B10000000000000000000005 /* RepositoryViewModel.swift */; };
		A10000000000000000000006 /* RepositoryRow.swift in Sources */ = {isa = PBXBuildFile; fileRef = B10000000000000000000006 /* RepositoryRow.swift */; };
		A10000000000000000000007 /* WebView.swift in Sources */ = {isa = PBXBuildFile; fileRef = B10000000000000000000007 /* WebView.swift */; };
		A10000000000000000000008 /* ContentView.swift in Sources */ = {isa = PBXBuildFile; fileRef = B10000000000000000000008 /* ContentView.swift */; };
		A10000000000000000000009 /* RepositoryViewModelTests.swift in Sources */ = {isa = PBXBuildFile; fileRef = B10000000000000000000009 /* RepositoryViewModelTests.swift */; };
		A1000000000000000000000A /* Alamofire in Frameworks */ = {isa = PBXBuildFile; productRef = K10000000000000000000001 /* Alamofire */; };
/* End PBXBuildFile section */

/* Begin PBXContainerItemProxy section */
		C10000000000000000000001 /* PBXContainerItemProxy */ = {
			isa = PBXContainerItemProxy;
			containerPortal = D10000000000000000000001 /* Project object */;
			proxyType = 1;
			remoteGlobalIDString = E10000000000000000000001;
			remoteInfo = SwiftRepos;
		};
/* End PBXContainerItemProxy section */

/* Begin PBXFileReference section */
		B10000000000000000000001 /* SwiftReposApp.swift */ = {isa = PBXFileReference; lastKnownFileType = sourcecode.swift; path = SwiftReposApp.swift; sourceTree = "<group>"; };
		B10000000000000000000002 /* Repository.swift */ = {isa = PBXFileReference; lastKnownFileType = sourcecode.swift; path = Repository.swift; sourceTree = "<group>"; };
		B10000000000000000000003 /* Repositories.swift */ = {isa = PBXFileReference; lastKnownFileType = sourcecode.swift; path = Repositories.swift; sourceTree = "<group>"; };
		B10000000000000000000004 /* Parser.swift */ = {isa = PBXFileReference; lastKnownFileType = sourcecode.swift; path = Parser.swift; sourceTree = "<group>"; };
		B10000000000000000000005 /* RepositoryViewModel.swift */ = {isa = PBXFileReference; lastKnownFileType = sourcecode.swift; path = RepositoryViewModel.swift; sourceTree = "<group>"; };
		B10000000000000000000006 /* RepositoryRow.swift */ = {isa = PBXFileReference; lastKnownFileType = sourcecode.swift; path = RepositoryRow.swift; sourceTree = "<group>"; };
		B10000000000000000000007 /* WebView.swift */ = {isa = PBXFileReference; lastKnownFileType = sourcecode.swift; path = WebView.swift; sourceTree = "<group>"; };
		B10000000000000000000008 /* ContentView.swift */ = {isa = PBXFileReference; lastKnownFileType = sourcecode.swift; path = ContentView.swift; sourceTree = "<group>"; };
		B10000000000000000000009 /* RepositoryViewModelTests.swift */ = {isa = PBXFileReference; lastKnownFileType = sourcecode.swift; path = RepositoryViewModelTests.swift; sourceTree = "<group>"; };
		B1000000000000000000000A /* SwiftRepos.app */ = {isa = PBXFileReference; explicitFileType = wrapper.application; includeInIndex = 0; path = SwiftRepos.app; sourceTree = BUILT_PRODUCTS_DIR; };
		B1000000000000000000000B /* SwiftReposTests.xctest */ = {isa = PBXFileReference; explicitFileType = wrapper.cfbundle; includeInIndex = 0; path = SwiftReposTests.xctest; sourceTree = BUILT_PRODUCTS_DIR; };
/* End PBXFileReference section */

/* Begin PBXFrameworksBuildPhase section */
		F10000000000000000000001 /* Frameworks */ = {
			isa = PBXFrameworksBuildPhase;
			buildActionMask = 2147483647;
			files = (
				A1000000000000000000000A /* Alamofire in Frameworks */,
			);
			runOnlyForDeploymentPostprocessing = 0;
		};
		F10000000000000000000002 /* Frameworks */ = {
			isa = PBXFrameworksBuildPhase;
			buildActionMask = 2147483647;
			files = (
			);
			runOnlyForDeploymentPostprocessing = 0;
		};
/* End PBXFrameworksBuildPhase section */

/* Begin PBXGroup section */
		G10000000000000000000001 = {
			isa = PBXGroup;
			children = (
				G10000000000000000000002 /* SwiftRepos */,
				G10000000000000000000006 /* SwiftReposTests */,
				G10000000000000000000007 /* Products */,
			);
			sourceTree = "<group>";
		};
		G10000000000000000000002 /* SwiftRepos */ = {
			isa = PBXGroup;
			children = (
				B10000000000000000000001 /* SwiftReposApp.swift */,
				G10000000000000000000003 /* Models */,
				G10000000000000000000004 /* ViewModels */,
				G10000000000000000000005 /* Views */,
			);
			path = SwiftRepos;
			sourceTree = "<group>";
		};
		G10000000000000000000003 /* Models */ = {
			isa = PBXGroup;
			children = (
				B10000000000000000000002 /* Repository.swift */,
				B10000000000000000000003 /* Repositories.swift */,
				B10000000000000000000004 /* Parser.swift */,
			);
			path = Models;
			sourceTree = "<group>";
		};
		G10000000000000000000004 /* ViewModels */ = {
			isa = PBXGroup;
			children = (
				B10000000000000000000005 /* RepositoryViewModel.swift */,
			);
			path = ViewModels;
			sourceTree = "<group>";
		};
		G10000000000000000000005 /* Views */ = {
			isa = PBXGroup;
			children = (
				B10000000000000000000006 /* RepositoryRow.swift */,
				B10000000000000000000007 /* WebView.swift */,
				B10000000000000000000008 /* ContentView.swift */,
			);
			path = Views;
			sourceTree = "<group>";
		};
		G10000000000000000000006 /* SwiftReposTests */ = {
			isa = PBXGroup;
			children = (
				B10000000000000000000009 /* RepositoryViewModelTests.swift */,
			);
			path = SwiftReposTests;
			sourceTree = "<group>";
		};
		G10000000000000000000007 /* Products */ = {
			isa = PBXGroup;
			children = (
				B1000000000000000000000A /* SwiftRepos.app */,
				B1000000000000000000000B /* SwiftReposTests.xctest */,
			);
			name = Products;
			sourceTree = "<group>";
		};
/* End PBXGroup section */

/* Begin PBXNativeTarget section */
		E10000000000000000000001 /* SwiftRepos */ = {
			isa = PBXNativeTarget;
			buildConfigurationList = H10000000000000000000002 /* Build configuration list for PBXNativeTarget "SwiftRepos" */;
			buildPhases = (
				S10000000000000000000001 /* Sources */,
				F10000000000000000000001 /* Frameworks */,
				R10000000000000000000001 /* Resources */,
			);
			buildRules = (
			);
			dependencies = (
			);
			name = SwiftRepos;
			packageProductDependencies = (
				K10000000000000000000001 /* Alamofire */,
			);
			productName = SwiftRepos;
			productReference = B1000000000000000000000A /* SwiftRepos.app */;
			productType = "com.apple.product-type.application";
		};
		E10000000000000000000002 /* SwiftReposTests */ = {
			isa = PBXNativeTarget;
			buildConfigurationList = H10000000000000000000003 /* Build configuration list for PBXNativeTarget "SwiftReposTests" */;
			buildPhases = (
				S10000000000000000000002 /* Sources */,
				F10000000000000000000002 /* Frameworks */,
				R10000000000000000000002 /* Resources */,
			);
			buildRules = (
			);
			dependencies = (
				T10000000000000000000001 /* PBXTargetDependency */,
			);
			name = SwiftReposTests;
			productName = SwiftReposTests;
			productReference = B1000000000000000000000B /* SwiftReposTests.xctest */;
			productType = "com.apple.product-type.bundle.unit-test";
		};
/* End PBXNativeTarget section */

/* Begin PBXProject section */
		D10000000000000000000001 /* Project object */ = {
			isa = PBXProject;
			attributes = {
				BuildIndependentTargetsInParallel = 1;
				LastSwiftUpdateCheck = 2700;
				LastUpgradeCheck = 2700;
				TargetAttributes = {
					E10000000000000000000001 = {
						CreatedOnToolsVersion = 27.0;
					};
					E10000000000000000000002 = {
						CreatedOnToolsVersion = 27.0;
						TestTargetID = E10000000000000000000001;
					};
				};
			};
			buildConfigurationList = H10000000000000000000001 /* Build configuration list for PBXProject "SwiftRepos" */;
			compatibilityVersion = "Xcode 14.0";
			developmentRegion = en;
			hasScannedForEncodings = 0;
			knownRegions = (
				en,
				Base,
			);
			mainGroup = G10000000000000000000001;
			packageReferences = (
				J10000000000000000000001 /* XCRemoteSwiftPackageReference "Alamofire" */,
			);
			productRefGroup = G10000000000000000000007 /* Products */;
			projectDirPath = "";
			projectRoot = "";
			targets = (
				E10000000000000000000001 /* SwiftRepos */,
				E10000000000000000000002 /* SwiftReposTests */,
			);
		};
/* End PBXProject section */

/* Begin PBXResourcesBuildPhase section */
		R10000000000000000000001 /* Resources */ = {
			isa = PBXResourcesBuildPhase;
			buildActionMask = 2147483647;
			files = (
			);
			runOnlyForDeploymentPostprocessing = 0;
		};
		R10000000000000000000002 /* Resources */ = {
			isa = PBXResourcesBuildPhase;
			buildActionMask = 2147483647;
			files = (
			);
			runOnlyForDeploymentPostprocessing = 0;
		};
/* End PBXResourcesBuildPhase section */

/* Begin PBXSourcesBuildPhase section */
		S10000000000000000000001 /* Sources */ = {
			isa = PBXSourcesBuildPhase;
			buildActionMask = 2147483647;
			files = (
				A10000000000000000000001 /* SwiftReposApp.swift in Sources */,
				A10000000000000000000002 /* Repository.swift in Sources */,
				A10000000000000000000003 /* Repositories.swift in Sources */,
				A10000000000000000000004 /* Parser.swift in Sources */,
				A10000000000000000000005 /* RepositoryViewModel.swift in Sources */,
				A10000000000000000000006 /* RepositoryRow.swift in Sources */,
				A10000000000000000000007 /* WebView.swift in Sources */,
				A10000000000000000000008 /* ContentView.swift in Sources */,
			);
			runOnlyForDeploymentPostprocessing = 0;
		};
		S10000000000000000000002 /* Sources */ = {
			isa = PBXSourcesBuildPhase;
			buildActionMask = 2147483647;
			files = (
				A10000000000000000000009 /* RepositoryViewModelTests.swift in Sources */,
			);
			runOnlyForDeploymentPostprocessing = 0;
		};
/* End PBXSourcesBuildPhase section */

/* Begin PBXTargetDependency section */
		T10000000000000000000001 /* PBXTargetDependency */ = {
			isa = PBXTargetDependency;
			target = E10000000000000000000001 /* SwiftRepos */;
			targetProxy = C10000000000000000000001 /* PBXContainerItemProxy */;
		};
/* End PBXTargetDependency section */

/* Begin XCBuildConfiguration section */
		I10000000000000000000001 /* Debug */ = {
			isa = XCBuildConfiguration;
			buildSettings = {
				ALWAYS_SEARCH_USER_PATHS = NO;
				CLANG_ENABLE_MODULES = YES;
				CLANG_ENABLE_OBJC_ARC = YES;
				CLANG_WARN_DOCUMENTATION_COMMENTS = YES;
				COPY_PHASE_STRIP = NO;
				DEBUG_INFORMATION_FORMAT = dwarf;
				ENABLE_TESTABILITY = YES;
				GCC_C_LANGUAGE_STANDARD = gnu17;
				GCC_OPTIMIZATION_LEVEL = 0;
				GCC_PREPROCESSOR_DEFINITIONS = (
					"DEBUG=1",
					"$(inherited)",
				);
				IPHONEOS_DEPLOYMENT_TARGET = 17.0;
				MTL_ENABLE_DEBUG_INFO = INCLUDE_SOURCE;
				ONLY_ACTIVE_ARCH = YES;
				SDKROOT = iphoneos;
				SWIFT_ACTIVE_COMPILATION_CONDITIONS = "DEBUG $(inherited)";
				SWIFT_OPTIMIZATION_LEVEL = "-Onone";
			};
			name = Debug;
		};
		I10000000000000000000002 /* Release */ = {
			isa = XCBuildConfiguration;
			buildSettings = {
				ALWAYS_SEARCH_USER_PATHS = NO;
				CLANG_ENABLE_MODULES = YES;
				CLANG_ENABLE_OBJC_ARC = YES;
				COPY_PHASE_STRIP = NO;
				DEBUG_INFORMATION_FORMAT = "dwarf-with-dsym";
				ENABLE_NS_ASSERTIONS = NO;
				GCC_C_LANGUAGE_STANDARD = gnu17;
				IPHONEOS_DEPLOYMENT_TARGET = 17.0;
				MTL_ENABLE_DEBUG_INFO = NO;
				SDKROOT = iphoneos;
				SWIFT_COMPILATION_MODE = wholemodule;
				SWIFT_OPTIMIZATION_LEVEL = "-O";
				VALIDATE_PRODUCT = YES;
			};
			name = Release;
		};
		I10000000000000000000003 /* Debug */ = {
			isa = XCBuildConfiguration;
			buildSettings = {
				CODE_SIGN_STYLE = Automatic;
				CURRENT_PROJECT_VERSION = 1;
				DEVELOPMENT_TEAM = "";
				ENABLE_PREVIEWS = YES;
				GENERATE_INFOPLIST_FILE = YES;
				INFOPLIST_KEY_CFBundleDisplayName = SwiftRepos;
				INFOPLIST_KEY_LSApplicationCategoryType = "public.app-category.developer-tools";
				INFOPLIST_KEY_UIApplicationSceneManifest_Generation = YES;
				INFOPLIST_KEY_UIApplicationSupportsIndirectInputEvents = YES;
				INFOPLIST_KEY_UILaunchScreen_Generation = YES;
				IPHONEOS_DEPLOYMENT_TARGET = 17.0;
				MARKETING_VERSION = 1.0;
				PRODUCT_BUNDLE_IDENTIFIER = edu.cmu.akkubais.SwiftRepos;
				PRODUCT_NAME = "$(TARGET_NAME)";
				SUPPORTED_PLATFORMS = "iphoneos iphonesimulator";
				SUPPORTS_MACCATALYST = NO;
				SWIFT_DEFAULT_ACTOR_ISOLATION = MainActor;
				SWIFT_EMIT_LOC_STRINGS = YES;
				SWIFT_VERSION = 5.0;
				TARGETED_DEVICE_FAMILY = "1,2";
			};
			name = Debug;
		};
		I10000000000000000000004 /* Release */ = {
			isa = XCBuildConfiguration;
			buildSettings = {
				CODE_SIGN_STYLE = Automatic;
				CURRENT_PROJECT_VERSION = 1;
				DEVELOPMENT_TEAM = "";
				ENABLE_PREVIEWS = YES;
				GENERATE_INFOPLIST_FILE = YES;
				INFOPLIST_KEY_CFBundleDisplayName = SwiftRepos;
				INFOPLIST_KEY_LSApplicationCategoryType = "public.app-category.developer-tools";
				INFOPLIST_KEY_UIApplicationSceneManifest_Generation = YES;
				INFOPLIST_KEY_UIApplicationSupportsIndirectInputEvents = YES;
				INFOPLIST_KEY_UILaunchScreen_Generation = YES;
				IPHONEOS_DEPLOYMENT_TARGET = 17.0;
				MARKETING_VERSION = 1.0;
				PRODUCT_BUNDLE_IDENTIFIER = edu.cmu.akkubais.SwiftRepos;
				PRODUCT_NAME = "$(TARGET_NAME)";
				SUPPORTED_PLATFORMS = "iphoneos iphonesimulator";
				SUPPORTS_MACCATALYST = NO;
				SWIFT_DEFAULT_ACTOR_ISOLATION = MainActor;
				SWIFT_EMIT_LOC_STRINGS = YES;
				SWIFT_VERSION = 5.0;
				TARGETED_DEVICE_FAMILY = "1,2";
			};
			name = Release;
		};
		I10000000000000000000005 /* Debug */ = {
			isa = XCBuildConfiguration;
			buildSettings = {
				BUNDLE_LOADER = "$(TEST_HOST)";
				CODE_SIGN_STYLE = Automatic;
				GENERATE_INFOPLIST_FILE = YES;
				IPHONEOS_DEPLOYMENT_TARGET = 17.0;
				PRODUCT_BUNDLE_IDENTIFIER = edu.cmu.akkubais.SwiftReposTests;
				PRODUCT_NAME = "$(TARGET_NAME)";
				SWIFT_DEFAULT_ACTOR_ISOLATION = MainActor;
				SWIFT_VERSION = 5.0;
				TARGETED_DEVICE_FAMILY = "1,2";
				TEST_HOST = "$(BUILT_PRODUCTS_DIR)/SwiftRepos.app/$(BUNDLE_EXECUTABLE_FOLDER_PATH)/SwiftRepos";
			};
			name = Debug;
		};
		I10000000000000000000006 /* Release */ = {
			isa = XCBuildConfiguration;
			buildSettings = {
				BUNDLE_LOADER = "$(TEST_HOST)";
				CODE_SIGN_STYLE = Automatic;
				GENERATE_INFOPLIST_FILE = YES;
				IPHONEOS_DEPLOYMENT_TARGET = 17.0;
				PRODUCT_BUNDLE_IDENTIFIER = edu.cmu.akkubais.SwiftReposTests;
				PRODUCT_NAME = "$(TARGET_NAME)";
				SWIFT_DEFAULT_ACTOR_ISOLATION = MainActor;
				SWIFT_VERSION = 5.0;
				TARGETED_DEVICE_FAMILY = "1,2";
				TEST_HOST = "$(BUILT_PRODUCTS_DIR)/SwiftRepos.app/$(BUNDLE_EXECUTABLE_FOLDER_PATH)/SwiftRepos";
			};
			name = Release;
		};
/* End XCBuildConfiguration section */

/* Begin XCConfigurationList section */
		H10000000000000000000001 /* Build configuration list for PBXProject "SwiftRepos" */ = {
			isa = XCConfigurationList;
			buildConfigurations = (
				I10000000000000000000001 /* Debug */,
				I10000000000000000000002 /* Release */,
			);
			defaultConfigurationIsVisible = 0;
			defaultConfigurationName = Release;
		};
		H10000000000000000000002 /* Build configuration list for PBXNativeTarget "SwiftRepos" */ = {
			isa = XCConfigurationList;
			buildConfigurations = (
				I10000000000000000000003 /* Debug */,
				I10000000000000000000004 /* Release */,
			);
			defaultConfigurationIsVisible = 0;
			defaultConfigurationName = Release;
		};
		H10000000000000000000003 /* Build configuration list for PBXNativeTarget "SwiftReposTests" */ = {
			isa = XCConfigurationList;
			buildConfigurations = (
				I10000000000000000000005 /* Debug */,
				I10000000000000000000006 /* Release */,
			);
			defaultConfigurationIsVisible = 0;
			defaultConfigurationName = Release;
		};
/* End XCConfigurationList section */

/* Begin XCRemoteSwiftPackageReference section */
		J10000000000000000000001 /* XCRemoteSwiftPackageReference "Alamofire" */ = {
			isa = XCRemoteSwiftPackageReference;
			repositoryURL = "https://github.com/Alamofire/Alamofire.git";
			requirement = {
				kind = upToNextMajorVersion;
				minimumVersion = 5.10.2;
			};
		};
/* End XCRemoteSwiftPackageReference section */

/* Begin XCSwiftPackageProductDependency section */
		K10000000000000000000001 /* Alamofire */ = {
			isa = XCSwiftPackageProductDependency;
			package = J10000000000000000000001 /* XCRemoteSwiftPackageReference "Alamofire" */;
			productName = Alamofire;
		};
/* End XCSwiftPackageProductDependency section */
	};
	rootObject = D10000000000000000000001 /* Project object */;
}
